
Microsoft Visual Studio Solution File, Format Version 12.00
# Visual Studio Version 17
VisualStudioVersion = 17.4.33122.133
MinimumVisualStudioVersion = 10.0.40219.1
Project("{2150E333-8FDC-42A3-9474-1A3956D46DE8}") = "Solution Items", "Solution Items", "{590D7771-FA1B-4A4B-AB7C-6980C892056B}"
	ProjectSection(SolutionItems) = preProject
		.gitignore = .gitignore
		LICENSE = LICENSE
		README.md = README.md
	EndProjectSection
EndProject
Project("{9A19103F-16F7-4668-BE54-9A1E7A4F7556}") = "ArcheryTargetPractice", "ArcheryTargetPractice\ArcheryTargetPractice.csproj", "{65DAABF4-2F50-43BF-8B79-9AA8493D0674}"
EndProject
Global
	GlobalSection(SolutionConfigurationPlatforms) = preSolution
		Debug|Any CPU = Debug|Any CPU
		Release|Any CPU = Release|Any CPU
	EndGlobalSection
	GlobalSection(ProjectConfigurationPlatforms) = postSolution
		{65DAABF4-2F50-43BF-8B79-9AA8493D0674}.Debug|Any CPU.ActiveCfg = Debug|Any CPU
		{65DAABF4-2F50-43BF-8B79-9AA8493D0674}.Debug|Any CPU.Build.0 = Debug|Any CPU
		{65DAABF4-2F50-43BF-8B79-9AA8493D0674}.Release|Any CPU.ActiveCfg = Release|Any CPU
		{65DAABF4-2F50-43BF-8B79-9AA8493D0674}.Release|Any CPU.Build.0 = Release|Any CPU
	EndGlobalSection
	GlobalSection(SolutionProperties) = preSolution
		HideSolutionNode = FALSE
	EndGlobalSection
	GlobalSection(ExtensibilityGlobals) = postSolution
		SolutionGuid = {D42F1C57-A95E-4F15-8ABF-87D71B68DE04}
	EndGlobalSection
EndGlobal
